
Microsoft Visual Studio Solution File, Format Version 11.00
# Visual Studio 2010
Project("{8BC9CEB8-8B4A-11D0-8D11-00A0C91BC942}") = "Sirnyky", "Sirnyky\Sirnyky.vcxproj", "{B46CBFC6-982F-456E-9685-08D4A0CDBE5A}"
EndProject
Global
	GlobalSection(SolutionConfigurationPlatforms) = preSolution
		Debug|Win32 = Debug|Win32
		Release|Win32 = Release|Win32
	EndGlobalSection
	GlobalSection(ProjectConfigurationPlatforms) = postSolution
		{B46CBFC6-982F-456E-9685-08D4A0CDBE5A}.Debug|Win32.ActiveCfg = Debug|Win32
		{B46CBFC6-982F-456E-9685-08D4A0CDBE5A}.Debug|Win32.Build.0 = Debug|Win32
		{B46CBFC6-982F-456E-9685-08D4A0CDBE5A}.Release|Win32.ActiveCfg = Release|Win32
		{B46CBFC6-982F-456E-9685-08D4A0CDBE5A}.Release|Win32.Build.0 = Release|Win32
	EndGlobalSection
	GlobalSection(SolutionProperties) = preSolution
		HideSolutionNode = FALSE
	EndGlobalSection
EndGlobal
